
Microsoft Visual Studio Solution File, Format Version 12.00
# Visual Studio Version 16
VisualStudioVersion = 16.0.31702.278
MinimumVisualStudioVersion = 10.0.40219.1
Project("{8BC9CEB8-8B4A-11D0-8D11-00A0C91BC942}") = "Notes.02", "Notes.02\Notes.02.vcxproj", "{F11565B8-2CD4-4AC4-88C7-B7D66F694312}"
EndProject
Global
	GlobalSection(SolutionConfigurationPlatforms) = preSolution
		Debug|x64 = Debug|x64
		Debug|x86 = Debug|x86
		Release|x64 = Release|x64
		Release|x86 = Release|x86
	EndGlobalSection
	GlobalSection(ProjectConfigurationPlatforms) = postSolution
		{F11565B8-2CD4-4AC4-88C7-B7D66F694312}.Debug|x64.ActiveCfg = Debug|x64
		{F11565B8-2CD4-4AC4-88C7-B7D66F694312}.Debug|x64.Build.0 = Debug|x64
		{F11565B8-2CD4-4AC4-88C7-B7D66F694312}.Debug|x86.ActiveCfg = Debug|Win32
		{F11565B8-2CD4-4AC4-88C7-B7D66F694312}.Debug|x86.Build.0 = Debug|Win32
		{F11565B8-2CD4-4AC4-88C7-B7D66F694312}.Release|x64.ActiveCfg = Release|x64
		{F11565B8-2CD4-4AC4-88C7-B7D66F694312}.Release|x64.Build.0 = Release|x64
		{F11565B8-2CD4-4AC4-88C7-B7D66F694312}.Release|x86.ActiveCfg = Release|Win32
		{F11565B8-2CD4-4AC4-88C7-B7D66F694312}.Release|x86.Build.0 = Release|Win32
	EndGlobalSection
	GlobalSection(SolutionProperties) = preSolution
		HideSolutionNode = FALSE
	EndGlobalSection
	GlobalSection(ExtensibilityGlobals) = postSolution
		SolutionGuid = {2DEFA426-A0F2-49BF-87B2-60169DA075D2}
	EndGlobalSection
EndGlobal
