
Microsoft Visual Studio Solution File, Format Version 12.00
# Visual Studio Version 16
VisualStudioVersion = 16.0.31205.134
MinimumVisualStudioVersion = 10.0.40219.1
Project("{8BC9CEB8-8B4A-11D0-8D11-00A0C91BC942}") = "sums of prime and complex numbers", "sums of prime and complex numbers.vcxproj", "{F6F0D46D-9A79-4C77-A6A7-9DDE148517FC}"
EndProject
Global
	GlobalSection(SolutionConfigurationPlatforms) = preSolution
		Debug|x64 = Debug|x64
		Debug|x86 = Debug|x86
		Release|x64 = Release|x64
		Release|x86 = Release|x86
	EndGlobalSection
	GlobalSection(ProjectConfigurationPlatforms) = postSolution
		{F6F0D46D-9A79-4C77-A6A7-9DDE148517FC}.Debug|x64.ActiveCfg = Debug|x64
		{F6F0D46D-9A79-4C77-A6A7-9DDE148517FC}.Debug|x64.Build.0 = Debug|x64
		{F6F0D46D-9A79-4C77-A6A7-9DDE148517FC}.Debug|x86.ActiveCfg = Debug|Win32
		{F6F0D46D-9A79-4C77-A6A7-9DDE148517FC}.Debug|x86.Build.0 = Debug|Win32
		{F6F0D46D-9A79-4C77-A6A7-9DDE148517FC}.Release|x64.ActiveCfg = Release|x64
		{F6F0D46D-9A79-4C77-A6A7-9DDE148517FC}.Release|x64.Build.0 = Release|x64
		{F6F0D46D-9A79-4C77-A6A7-9DDE148517FC}.Release|x86.ActiveCfg = Release|Win32
		{F6F0D46D-9A79-4C77-A6A7-9DDE148517FC}.Release|x86.Build.0 = Release|Win32
	EndGlobalSection
	GlobalSection(SolutionProperties) = preSolution
		HideSolutionNode = FALSE
	EndGlobalSection
	GlobalSection(ExtensibilityGlobals) = postSolution
		SolutionGuid = {1AAF34DE-9B4B-4AA7-8D5B-63B943F26944}
	EndGlobalSection
EndGlobal
