
Microsoft Visual Studio Solution File, Format Version 12.00
# Visual Studio Version 17
VisualStudioVersion = 17.2.32616.157
MinimumVisualStudioVersion = 10.0.40219.1
Project("{8BC9CEB8-8B4A-11D0-8D11-00A0C91BC942}") = "TotalAverageOfStudents.01", "TotalAverageOfStudents.01\TotalAverageOfStudents.01.vcxproj", "{BBE8C4B3-93F0-44F3-B0E1-5EB908B63FBB}"
EndProject
Global
	GlobalSection(SolutionConfigurationPlatforms) = preSolution
		Debug|x64 = Debug|x64
		Debug|x86 = Debug|x86
		Release|x64 = Release|x64
		Release|x86 = Release|x86
	EndGlobalSection
	GlobalSection(ProjectConfigurationPlatforms) = postSolution
		{BBE8C4B3-93F0-44F3-B0E1-5EB908B63FBB}.Debug|x64.ActiveCfg = Debug|x64
		{BBE8C4B3-93F0-44F3-B0E1-5EB908B63FBB}.Debug|x64.Build.0 = Debug|x64
		{BBE8C4B3-93F0-44F3-B0E1-5EB908B63FBB}.Debug|x86.ActiveCfg = Debug|Win32
		{BBE8C4B3-93F0-44F3-B0E1-5EB908B63FBB}.Debug|x86.Build.0 = Debug|Win32
		{BBE8C4B3-93F0-44F3-B0E1-5EB908B63FBB}.Release|x64.ActiveCfg = Release|x64
		{BBE8C4B3-93F0-44F3-B0E1-5EB908B63FBB}.Release|x64.Build.0 = Release|x64
		{BBE8C4B3-93F0-44F3-B0E1-5EB908B63FBB}.Release|x86.ActiveCfg = Release|Win32
		{BBE8C4B3-93F0-44F3-B0E1-5EB908B63FBB}.Release|x86.Build.0 = Release|Win32
	EndGlobalSection
	GlobalSection(SolutionProperties) = preSolution
		HideSolutionNode = FALSE
	EndGlobalSection
	GlobalSection(ExtensibilityGlobals) = postSolution
		SolutionGuid = {3B2991A3-148B-40A8-B8DD-C2C8C400D5BF}
	EndGlobalSection
EndGlobal
