
Microsoft Visual Studio Solution File, Format Version 12.00
# Visual Studio Version 16
VisualStudioVersion = 16.0.31702.278
MinimumVisualStudioVersion = 10.0.40219.1
Project("{8BC9CEB8-8B4A-11D0-8D11-00A0C91BC942}") = "Duplicates_With_Skeletons", "Duplicates_With_Skeletons.vcxproj", "{E6996185-4202-498F-9961-A78A2558ED20}"
EndProject
Global
	GlobalSection(SolutionConfigurationPlatforms) = preSolution
		Debug|x64 = Debug|x64
		Debug|x86 = Debug|x86
		Release|x64 = Release|x64
		Release|x86 = Release|x86
	EndGlobalSection
	GlobalSection(ProjectConfigurationPlatforms) = postSolution
		{E6996185-4202-498F-9961-A78A2558ED20}.Debug|x64.ActiveCfg = Debug|x64
		{E6996185-4202-498F-9961-A78A2558ED20}.Debug|x64.Build.0 = Debug|x64
		{E6996185-4202-498F-9961-A78A2558ED20}.Debug|x86.ActiveCfg = Debug|Win32
		{E6996185-4202-498F-9961-A78A2558ED20}.Debug|x86.Build.0 = Debug|Win32
		{E6996185-4202-498F-9961-A78A2558ED20}.Release|x64.ActiveCfg = Release|x64
		{E6996185-4202-498F-9961-A78A2558ED20}.Release|x64.Build.0 = Release|x64
		{E6996185-4202-498F-9961-A78A2558ED20}.Release|x86.ActiveCfg = Release|Win32
		{E6996185-4202-498F-9961-A78A2558ED20}.Release|x86.Build.0 = Release|Win32
	EndGlobalSection
	GlobalSection(SolutionProperties) = preSolution
		HideSolutionNode = FALSE
	EndGlobalSection
	GlobalSection(ExtensibilityGlobals) = postSolution
		SolutionGuid = {0ADFFAF5-DBC1-49B1-A6CC-121A520CE1DC}
	EndGlobalSection
EndGlobal
