
Microsoft Visual Studio Solution File, Format Version 12.00
# Visual Studio Version 16
VisualStudioVersion = 16.0.31702.278
MinimumVisualStudioVersion = 10.0.40219.1
Project("{8BC9CEB8-8B4A-11D0-8D11-00A0C91BC942}") = "SumOfVectors.01", "SumOfVectors.01.vcxproj", "{FA7E8993-37FD-4499-BC90-926918888C24}"
EndProject
Global
	GlobalSection(SolutionConfigurationPlatforms) = preSolution
		Debug|x64 = Debug|x64
		Debug|x86 = Debug|x86
		Release|x64 = Release|x64
		Release|x86 = Release|x86
	EndGlobalSection
	GlobalSection(ProjectConfigurationPlatforms) = postSolution
		{FA7E8993-37FD-4499-BC90-926918888C24}.Debug|x64.ActiveCfg = Debug|x64
		{FA7E8993-37FD-4499-BC90-926918888C24}.Debug|x64.Build.0 = Debug|x64
		{FA7E8993-37FD-4499-BC90-926918888C24}.Debug|x86.ActiveCfg = Debug|Win32
		{FA7E8993-37FD-4499-BC90-926918888C24}.Debug|x86.Build.0 = Debug|Win32
		{FA7E8993-37FD-4499-BC90-926918888C24}.Release|x64.ActiveCfg = Release|x64
		{FA7E8993-37FD-4499-BC90-926918888C24}.Release|x64.Build.0 = Release|x64
		{FA7E8993-37FD-4499-BC90-926918888C24}.Release|x86.ActiveCfg = Release|Win32
		{FA7E8993-37FD-4499-BC90-926918888C24}.Release|x86.Build.0 = Release|Win32
	EndGlobalSection
	GlobalSection(SolutionProperties) = preSolution
		HideSolutionNode = FALSE
	EndGlobalSection
	GlobalSection(ExtensibilityGlobals) = postSolution
		SolutionGuid = {D391D050-84B8-4B87-AB3F-90A2FD047C8A}
	EndGlobalSection
EndGlobal
