
Microsoft Visual Studio Solution File, Format Version 12.00
# Visual Studio Version 16
VisualStudioVersion = 16.0.31702.278
MinimumVisualStudioVersion = 10.0.40219.1
Project("{8BC9CEB8-8B4A-11D0-8D11-00A0C91BC942}") = "Register of Three_WS", "Register of Three_WS.vcxproj", "{C46D27DA-6467-4E7C-B6E9-45635F7804B3}"
EndProject
Global
	GlobalSection(SolutionConfigurationPlatforms) = preSolution
		Debug|x64 = Debug|x64
		Debug|x86 = Debug|x86
		Release|x64 = Release|x64
		Release|x86 = Release|x86
	EndGlobalSection
	GlobalSection(ProjectConfigurationPlatforms) = postSolution
		{C46D27DA-6467-4E7C-B6E9-45635F7804B3}.Debug|x64.ActiveCfg = Debug|x64
		{C46D27DA-6467-4E7C-B6E9-45635F7804B3}.Debug|x64.Build.0 = Debug|x64
		{C46D27DA-6467-4E7C-B6E9-45635F7804B3}.Debug|x86.ActiveCfg = Debug|Win32
		{C46D27DA-6467-4E7C-B6E9-45635F7804B3}.Debug|x86.Build.0 = Debug|Win32
		{C46D27DA-6467-4E7C-B6E9-45635F7804B3}.Release|x64.ActiveCfg = Release|x64
		{C46D27DA-6467-4E7C-B6E9-45635F7804B3}.Release|x64.Build.0 = Release|x64
		{C46D27DA-6467-4E7C-B6E9-45635F7804B3}.Release|x86.ActiveCfg = Release|Win32
		{C46D27DA-6467-4E7C-B6E9-45635F7804B3}.Release|x86.Build.0 = Release|Win32
	EndGlobalSection
	GlobalSection(SolutionProperties) = preSolution
		HideSolutionNode = FALSE
	EndGlobalSection
	GlobalSection(ExtensibilityGlobals) = postSolution
		SolutionGuid = {7E37E90F-72E6-40C9-BDA3-C55C0B4113D0}
	EndGlobalSection
EndGlobal
