
Microsoft Visual Studio Solution File, Format Version 12.00
# Visual Studio Version 16
VisualStudioVersion = 16.0.31702.278
MinimumVisualStudioVersion = 10.0.40219.1
Project("{8BC9CEB8-8B4A-11D0-8D11-00A0C91BC942}") = "Invalid Input", "Invalid Input.vcxproj", "{D5C79C0F-A6A7-4CBB-9F8D-E7E782795AA9}"
EndProject
Project("{8BC9CEB8-8B4A-11D0-8D11-00A0C91BC942}") = "test", "..\test\test.vcxproj", "{971C1B8F-2255-4D21-BB42-3DF8F62C68FA}"
EndProject
Global
	GlobalSection(SolutionConfigurationPlatforms) = preSolution
		Debug|x64 = Debug|x64
		Debug|x86 = Debug|x86
		Release|x64 = Release|x64
		Release|x86 = Release|x86
	EndGlobalSection
	GlobalSection(ProjectConfigurationPlatforms) = postSolution
		{D5C79C0F-A6A7-4CBB-9F8D-E7E782795AA9}.Debug|x64.ActiveCfg = Debug|x64
		{D5C79C0F-A6A7-4CBB-9F8D-E7E782795AA9}.Debug|x64.Build.0 = Debug|x64
		{D5C79C0F-A6A7-4CBB-9F8D-E7E782795AA9}.Debug|x86.ActiveCfg = Debug|Win32
		{D5C79C0F-A6A7-4CBB-9F8D-E7E782795AA9}.Debug|x86.Build.0 = Debug|Win32
		{D5C79C0F-A6A7-4CBB-9F8D-E7E782795AA9}.Release|x64.ActiveCfg = Release|x64
		{D5C79C0F-A6A7-4CBB-9F8D-E7E782795AA9}.Release|x64.Build.0 = Release|x64
		{D5C79C0F-A6A7-4CBB-9F8D-E7E782795AA9}.Release|x86.ActiveCfg = Release|Win32
		{D5C79C0F-A6A7-4CBB-9F8D-E7E782795AA9}.Release|x86.Build.0 = Release|Win32
		{971C1B8F-2255-4D21-BB42-3DF8F62C68FA}.Debug|x64.ActiveCfg = Debug|x64
		{971C1B8F-2255-4D21-BB42-3DF8F62C68FA}.Debug|x64.Build.0 = Debug|x64
		{971C1B8F-2255-4D21-BB42-3DF8F62C68FA}.Debug|x86.ActiveCfg = Debug|Win32
		{971C1B8F-2255-4D21-BB42-3DF8F62C68FA}.Debug|x86.Build.0 = Debug|Win32
		{971C1B8F-2255-4D21-BB42-3DF8F62C68FA}.Release|x64.ActiveCfg = Release|x64
		{971C1B8F-2255-4D21-BB42-3DF8F62C68FA}.Release|x64.Build.0 = Release|x64
		{971C1B8F-2255-4D21-BB42-3DF8F62C68FA}.Release|x86.ActiveCfg = Release|Win32
		{971C1B8F-2255-4D21-BB42-3DF8F62C68FA}.Release|x86.Build.0 = Release|Win32
	EndGlobalSection
	GlobalSection(SolutionProperties) = preSolution
		HideSolutionNode = FALSE
	EndGlobalSection
	GlobalSection(ExtensibilityGlobals) = postSolution
		SolutionGuid = {1C37537C-A8DE-47EC-9AC8-9D0DB116C41E}
	EndGlobalSection
EndGlobal
