
Microsoft Visual Studio Solution File, Format Version 12.00
# Visual Studio Version 16
VisualStudioVersion = 16.0.31702.278
MinimumVisualStudioVersion = 10.0.40219.1
Project("{8BC9CEB8-8B4A-11D0-8D11-00A0C91BC942}") = "Car.01", "Car.01.vcxproj", "{A2A6C753-7116-4D2D-8DEE-738203D40C9D}"
EndProject
Global
	GlobalSection(SolutionConfigurationPlatforms) = preSolution
		Debug|x64 = Debug|x64
		Debug|x86 = Debug|x86
		Release|x64 = Release|x64
		Release|x86 = Release|x86
	EndGlobalSection
	GlobalSection(ProjectConfigurationPlatforms) = postSolution
		{A2A6C753-7116-4D2D-8DEE-738203D40C9D}.Debug|x64.ActiveCfg = Debug|x64
		{A2A6C753-7116-4D2D-8DEE-738203D40C9D}.Debug|x64.Build.0 = Debug|x64
		{A2A6C753-7116-4D2D-8DEE-738203D40C9D}.Debug|x86.ActiveCfg = Debug|Win32
		{A2A6C753-7116-4D2D-8DEE-738203D40C9D}.Debug|x86.Build.0 = Debug|Win32
		{A2A6C753-7116-4D2D-8DEE-738203D40C9D}.Release|x64.ActiveCfg = Release|x64
		{A2A6C753-7116-4D2D-8DEE-738203D40C9D}.Release|x64.Build.0 = Release|x64
		{A2A6C753-7116-4D2D-8DEE-738203D40C9D}.Release|x86.ActiveCfg = Release|Win32
		{A2A6C753-7116-4D2D-8DEE-738203D40C9D}.Release|x86.Build.0 = Release|Win32
	EndGlobalSection
	GlobalSection(SolutionProperties) = preSolution
		HideSolutionNode = FALSE
	EndGlobalSection
	GlobalSection(ExtensibilityGlobals) = postSolution
		SolutionGuid = {1B2B6D1B-F957-4386-91C3-6089E0CAB04B}
	EndGlobalSection
EndGlobal
