
Microsoft Visual Studio Solution File, Format Version 12.00
# Visual Studio Version 17
VisualStudioVersion = 17.2.32616.157
MinimumVisualStudioVersion = 10.0.40219.1
Project("{8BC9CEB8-8B4A-11D0-8D11-00A0C91BC942}") = "BST_12.08", "BST_12.08\BST_12.08.vcxproj", "{19FA7417-CEAA-4D87-963B-7C94097D45F4}"
EndProject
Global
	GlobalSection(SolutionConfigurationPlatforms) = preSolution
		Debug|x64 = Debug|x64
		Debug|x86 = Debug|x86
		Release|x64 = Release|x64
		Release|x86 = Release|x86
	EndGlobalSection
	GlobalSection(ProjectConfigurationPlatforms) = postSolution
		{19FA7417-CEAA-4D87-963B-7C94097D45F4}.Debug|x64.ActiveCfg = Debug|x64
		{19FA7417-CEAA-4D87-963B-7C94097D45F4}.Debug|x64.Build.0 = Debug|x64
		{19FA7417-CEAA-4D87-963B-7C94097D45F4}.Debug|x86.ActiveCfg = Debug|Win32
		{19FA7417-CEAA-4D87-963B-7C94097D45F4}.Debug|x86.Build.0 = Debug|Win32
		{19FA7417-CEAA-4D87-963B-7C94097D45F4}.Release|x64.ActiveCfg = Release|x64
		{19FA7417-CEAA-4D87-963B-7C94097D45F4}.Release|x64.Build.0 = Release|x64
		{19FA7417-CEAA-4D87-963B-7C94097D45F4}.Release|x86.ActiveCfg = Release|Win32
		{19FA7417-CEAA-4D87-963B-7C94097D45F4}.Release|x86.Build.0 = Release|Win32
	EndGlobalSection
	GlobalSection(SolutionProperties) = preSolution
		HideSolutionNode = FALSE
	EndGlobalSection
	GlobalSection(ExtensibilityGlobals) = postSolution
		SolutionGuid = {BDA8365A-DF4D-49BC-99F3-8E564F6B1DA7}
	EndGlobalSection
EndGlobal
