
Microsoft Visual Studio Solution File, Format Version 12.00
# Visual Studio Version 16
VisualStudioVersion = 16.0.31702.278
MinimumVisualStudioVersion = 10.0.40219.1
Project("{8BC9CEB8-8B4A-11D0-8D11-00A0C91BC942}") = "Censorship_WS", "Censorship_WS.vcxproj", "{1442FC06-2657-42E0-8876-A38326B9A66D}"
EndProject
Global
	GlobalSection(SolutionConfigurationPlatforms) = preSolution
		Debug|x64 = Debug|x64
		Debug|x86 = Debug|x86
		Release|x64 = Release|x64
		Release|x86 = Release|x86
	EndGlobalSection
	GlobalSection(ProjectConfigurationPlatforms) = postSolution
		{1442FC06-2657-42E0-8876-A38326B9A66D}.Debug|x64.ActiveCfg = Debug|x64
		{1442FC06-2657-42E0-8876-A38326B9A66D}.Debug|x64.Build.0 = Debug|x64
		{1442FC06-2657-42E0-8876-A38326B9A66D}.Debug|x86.ActiveCfg = Debug|Win32
		{1442FC06-2657-42E0-8876-A38326B9A66D}.Debug|x86.Build.0 = Debug|Win32
		{1442FC06-2657-42E0-8876-A38326B9A66D}.Release|x64.ActiveCfg = Release|x64
		{1442FC06-2657-42E0-8876-A38326B9A66D}.Release|x64.Build.0 = Release|x64
		{1442FC06-2657-42E0-8876-A38326B9A66D}.Release|x86.ActiveCfg = Release|Win32
		{1442FC06-2657-42E0-8876-A38326B9A66D}.Release|x86.Build.0 = Release|Win32
	EndGlobalSection
	GlobalSection(SolutionProperties) = preSolution
		HideSolutionNode = FALSE
	EndGlobalSection
	GlobalSection(ExtensibilityGlobals) = postSolution
		SolutionGuid = {25B1A48C-2938-468D-A0BC-B7959DD81EAD}
	EndGlobalSection
EndGlobal
