
Microsoft Visual Studio Solution File, Format Version 12.00
# Visual Studio Version 16
VisualStudioVersion = 16.0.31702.278
MinimumVisualStudioVersion = 10.0.40219.1
Project("{8BC9CEB8-8B4A-11D0-8D11-00A0C91BC942}") = "RegisterOfThree.01", "RegisterOfThree.01\RegisterOfThree.01.vcxproj", "{62678F14-429C-48C4-982A-F2E828C3BF2D}"
EndProject
Global
	GlobalSection(SolutionConfigurationPlatforms) = preSolution
		Debug|x64 = Debug|x64
		Debug|x86 = Debug|x86
		Release|x64 = Release|x64
		Release|x86 = Release|x86
	EndGlobalSection
	GlobalSection(ProjectConfigurationPlatforms) = postSolution
		{62678F14-429C-48C4-982A-F2E828C3BF2D}.Debug|x64.ActiveCfg = Debug|x64
		{62678F14-429C-48C4-982A-F2E828C3BF2D}.Debug|x64.Build.0 = Debug|x64
		{62678F14-429C-48C4-982A-F2E828C3BF2D}.Debug|x86.ActiveCfg = Debug|Win32
		{62678F14-429C-48C4-982A-F2E828C3BF2D}.Debug|x86.Build.0 = Debug|Win32
		{62678F14-429C-48C4-982A-F2E828C3BF2D}.Release|x64.ActiveCfg = Release|x64
		{62678F14-429C-48C4-982A-F2E828C3BF2D}.Release|x64.Build.0 = Release|x64
		{62678F14-429C-48C4-982A-F2E828C3BF2D}.Release|x86.ActiveCfg = Release|Win32
		{62678F14-429C-48C4-982A-F2E828C3BF2D}.Release|x86.Build.0 = Release|Win32
	EndGlobalSection
	GlobalSection(SolutionProperties) = preSolution
		HideSolutionNode = FALSE
	EndGlobalSection
	GlobalSection(ExtensibilityGlobals) = postSolution
		SolutionGuid = {7010FC1B-49A3-4899-AA4B-85A4EA89C22D}
	EndGlobalSection
EndGlobal
