
Microsoft Visual Studio Solution File, Format Version 12.00
# Visual Studio Version 16
VisualStudioVersion = 16.0.31205.134
MinimumVisualStudioVersion = 10.0.40219.1
Project("{8BC9CEB8-8B4A-11D0-8D11-00A0C91BC942}") = "pyramidofnumbers", "pyramidofnumbers.vcxproj", "{A3A309CB-31F9-4E16-96FC-C6D5CE67E79E}"
EndProject
Global
	GlobalSection(SolutionConfigurationPlatforms) = preSolution
		Debug|x64 = Debug|x64
		Debug|x86 = Debug|x86
		Release|x64 = Release|x64
		Release|x86 = Release|x86
	EndGlobalSection
	GlobalSection(ProjectConfigurationPlatforms) = postSolution
		{A3A309CB-31F9-4E16-96FC-C6D5CE67E79E}.Debug|x64.ActiveCfg = Debug|x64
		{A3A309CB-31F9-4E16-96FC-C6D5CE67E79E}.Debug|x64.Build.0 = Debug|x64
		{A3A309CB-31F9-4E16-96FC-C6D5CE67E79E}.Debug|x86.ActiveCfg = Debug|Win32
		{A3A309CB-31F9-4E16-96FC-C6D5CE67E79E}.Debug|x86.Build.0 = Debug|Win32
		{A3A309CB-31F9-4E16-96FC-C6D5CE67E79E}.Release|x64.ActiveCfg = Release|x64
		{A3A309CB-31F9-4E16-96FC-C6D5CE67E79E}.Release|x64.Build.0 = Release|x64
		{A3A309CB-31F9-4E16-96FC-C6D5CE67E79E}.Release|x86.ActiveCfg = Release|Win32
		{A3A309CB-31F9-4E16-96FC-C6D5CE67E79E}.Release|x86.Build.0 = Release|Win32
	EndGlobalSection
	GlobalSection(SolutionProperties) = preSolution
		HideSolutionNode = FALSE
	EndGlobalSection
	GlobalSection(ExtensibilityGlobals) = postSolution
		SolutionGuid = {FA933F9D-8E4C-4AC1-BBD8-ED706A36F38F}
	EndGlobalSection
EndGlobal
